// !$*UTF8*$!
{
	archiveVersion = 1;
	classes = {
	};
	objectVersion = 50;
	objects = {

/* Begin PBXBuildFile section */
		200D6D13222F4EBE004492DC /* AppDelegate.swift in Sources */ = {isa = PBXBuildFile; fileRef = 200D6D12222F4EBE004492DC /* AppDelegate.swift */; };
		200D6D15222F4EBE004492DC /* ViewController.swift in Sources */ = {isa = PBXBuildFile; fileRef = 200D6D14222F4EBE004492DC /* ViewController.swift */; };
		200D6D18222F4EBE004492DC /* Main.storyboard in Resources */ = {isa = PBXBuildFile; fileRef = 200D6D16222F4EBE004492DC /* Main.storyboard */; };
		200D6D1A222F4EBF004492DC /* Assets.xcassets in Resources */ = {isa = PBXBuildFile; fileRef = 200D6D19222F4EBF004492DC /* Assets.xcassets */; };
		200D6D1D222F4EBF004492DC /* LaunchScreen.storyboard in Resources */ = {isa = PBXBuildFile; fileRef = 200D6D1B222F4EBF004492DC /* LaunchScreen.storyboard */; };
		200D6D28222F4EBF004492DC /* ParstagramTests.swift in Sources */ = {isa = PBXBuildFile; fileRef = 200D6D27222F4EBF004492DC /* ParstagramTests.swift */; };
		200D6D33222F4EBF004492DC /* ParstagramUITests.swift in Sources */ = {isa = PBXBuildFile; fileRef = 200D6D32222F4EBF004492DC /* ParstagramUITests.swift */; };
/* End PBXBuildFile section */

/* Begin PBXContainerItemProxy section */
		200D6D24222F4EBF004492DC /* PBXContainerItemProxy */ = {
			isa = PBXContainerItemProxy;
			containerPortal = 200D6D07222F4EBE004492DC /* Project object */;
			proxyType = 1;
			remoteGlobalIDString = 200D6D0E222F4EBE004492DC;
			remoteInfo = Parstagram;
		};
		200D6D2F222F4EBF004492DC /* PBXContainerItemProxy */ = {
			isa = PBXContainerItemProxy;
			containerPortal = 200D6D07222F4EBE004492DC /* Project object */;
			proxyType = 1;
			remoteGlobalIDString = 200D6D0E222F4EBE004492DC;
			remoteInfo = Parstagram;
		};
/* End PBXContainerItemProxy section */

/* Begin PBXFileReference section */
		200D6D0F222F4EBE004492DC /* Parstagram.app */ = {isa = PBXFileReference; explicitFileType = wrapper.application; includeInIndex = 0; path = Parstagram.app; sourceTree = BUILT_PRODUCTS_DIR; };
		200D6D12222F4EBE004492DC /* AppDelegate.swift */ = {isa = PBXFileReference; lastKnownFileType = sourcecode.swift; path = AppDelegate.swift; sourceTree = "<group>"; };
		200D6D14222F4EBE004492DC /* ViewController.swift */ = {isa = PBXFileReference; lastKnownFileType = sourcecode.swift; path = ViewController.swift; sourceTree = "<group>"; };
		200D6D17222F4EBE004492DC /* Base */ = {isa = PBXFileReference; lastKnownFileType = file.storyboard; name = Base; path = Base.lproj/Main.storyboard; sourceTree = "<group>"; };
		200D6D19222F4EBF004492DC /* Assets.xcassets */ = {isa = PBXFileReference; lastKnownFileType = folder.assetcatalog; path = Assets.xcassets; sourceTree = "<group>"; };
		200D6D1C222F4EBF004492DC /* Base */ = {isa = PBXFileReference; lastKnownFileType = file.storyboard; name = Base; path = Base.lproj/LaunchScreen.storyboard; sourceTree = "<group>"; };
		200D6D1E222F4EBF004492DC /* Info.plist */ = {isa = PBXFileReference; lastKnownFileType = text.plist.xml; path = Info.plist; sourceTree = "<group>"; };
		200D6D23222F4EBF004492DC /* ParstagramTests.xctest */ = {isa = PBXFileReference; explicitFileType = wrapper.cfbundle; includeInIndex = 0; path = ParstagramTests.xctest; sourceTree = BUILT_PRODUCTS_DIR; };
		200D6D27222F4EBF004492DC /* ParstagramTests.swift */ = {isa = PBXFileReference; lastKnownFileType = sourcecode.swift; path = ParstagramTests.swift; sourceTree = "<group>"; };
		200D6D29222F4EBF004492DC /* Info.plist */ = {isa = PBXFileReference; lastKnownFileType = text.plist.xml; path = Info.plist; sourceTree = "<group>"; };
		200D6D2E222F4EBF004492DC /* ParstagramUITests.xctest */ = {isa = PBXFileReference; explicitFileType = wrapper.cfbundle; includeInIndex = 0; path = ParstagramUITests.xctest; sourceTree = BUILT_PRODUCTS_DIR; };
		200D6D32222F4EBF004492DC /* ParstagramUITests.swift */ = {isa = PBXFileReference; lastKnownFileType = sourcecode.swift; path = ParstagramUITests.swift; sourceTree = "<group>"; };
		200D6D34222F4EBF004492DC /* Info.plist */ = {isa = PBXFileReference; lastKnownFileType = text.plist.xml; path = Info.plist; sourceTree = "<group>"; };
/* End PBXFileReference section */

/* Begin PBXFrameworksBuildPhase section */
		200D6D0C222F4EBE004492DC /* Frameworks */ = {
			isa = PBXFrameworksBuildPhase;
			buildActionMask = 2147483647;
			files = (
			);
			runOnlyForDeploymentPostprocessing = 0;
		};
		200D6D20222F4EBF004492DC /* Frameworks */ = {
			isa = PBXFrameworksBuildPhase;
			buildActionMask = 2147483647;
			files = (
			);
			runOnlyForDeploymentPostprocessing = 0;
		};
		200D6D2B222F4EBF004492DC /* Frameworks */ = {
			isa = PBXFrameworksBuildPhase;
			buildActionMask = 2147483647;
			files = (
			);
			runOnlyForDeploymentPostprocessing = 0;
		};
/* End PBXFrameworksBuildPhase section */

/* Begin PBXGroup section */
		200D6D06222F4EBE004492DC = {
			isa = PBXGroup;
			children = (
				200D6D11222F4EBE004492DC /* Parstagram */,
				200D6D26222F4EBF004492DC /* ParstagramTests */,
				200D6D31222F4EBF004492DC /* ParstagramUITests */,
				200D6D10222F4EBE004492DC /* Products */,
			);
			sourceTree = "<group>";
		};
		200D6D10222F4EBE004492DC /* Products */ = {
			isa = PBXGroup;
			children = (
				200D6D0F222F4EBE004492DC /* Parstagram.app */,
				200D6D23222F4EBF004492DC /* ParstagramTests.xctest */,
				200D6D2E222F4EBF004492DC /* ParstagramUITests.xctest */,
			);
			name = Products;
			sourceTree = "<group>";
		};
		200D6D11222F4EBE004492DC /* Parstagram */ = {
			isa = PBXGroup;
			children = (
				200D6D12222F4EBE004492DC /* AppDelegate.swift */,
				200D6D14222F4EBE004492DC /* ViewController.swift */,
				200D6D16222F4EBE004492DC /* Main.storyboard */,
				200D6D19222F4EBF004492DC /* Assets.xcassets */,
				200D6D1B222F4EBF004492DC /* LaunchScreen.storyboard */,
				200D6D1E222F4EBF004492DC /* Info.plist */,
			);
			path = Parstagram;
			sourceTree = "<group>";
		};
		200D6D26222F4EBF004492DC /* ParstagramTests */ = {
			isa = PBXGroup;
			children = (
				200D6D27222F4EBF004492DC /* ParstagramTests.swift */,
				200D6D29222F4EBF004492DC /* Info.plist */,
			);
			path = ParstagramTests;
			sourceTree = "<group>";
		};
		200D6D31222F4EBF004492DC /* ParstagramUITests */ = {
			isa = PBXGroup;
			children = (
				200D6D32222F4EBF004492DC /* ParstagramUITests.swift */,
				200D6D34222F4EBF004492DC /* Info.plist */,
			);
			path = ParstagramUITests;
			sourceTree = "<group>";
		};
/* End PBXGroup section */

/* Begin PBXNativeTarget section */
		200D6D0E222F4EBE004492DC /* Parstagram */ = {
			isa = PBXNativeTarget;
			buildConfigurationList = 200D6D37222F4EBF004492DC /* Build configuration list for PBXNativeTarget "Parstagram" */;
			buildPhases = (
				200D6D0B222F4EBE004492DC /* Sources */,
				200D6D0C222F4EBE004492DC /* Frameworks */,
				200D6D0D222F4EBE004492DC /* Resources */,
			);
			buildRules = (
			);
			dependencies = (
			);
			name = Parstagram;
			productName = Parstagram;
			productReference = 200D6D0F222F4EBE004492DC /* Parstagram.app */;
			productType = "com.apple.product-type.application";
		};
		200D6D22222F4EBF004492DC /* ParstagramTests */ = {
			isa = PBXNativeTarget;
			buildConfigurationList = 200D6D3A222F4EBF004492DC /* Build configuration list for PBXNativeTarget "ParstagramTests" */;
			buildPhases = (
				200D6D1F222F4EBF004492DC /* Sources */,
				200D6D20222F4EBF004492DC /* Frameworks */,
				200D6D21222F4EBF004492DC /* Resources */,
			);
			buildRules = (
			);
			dependencies = (
				200D6D25222F4EBF004492DC /* PBXTargetDependency */,
			);
			name = ParstagramTests;
			productName = ParstagramTests;
			productReference = 200D6D23222F4EBF004492DC /* ParstagramTests.xctest */;
			productType = "com.apple.product-type.bundle.unit-test";
		};
		200D6D2D222F4EBF004492DC /* ParstagramUITests */ = {
			isa = PBXNativeTarget;
			buildConfigurationList = 200D6D3D222F4EBF004492DC /* Build configuration list for PBXNativeTarget "ParstagramUITests" */;
			buildPhases = (
				200D6D2A222F4EBF004492DC /* Sources */,
				200D6D2B222F4EBF004492DC /* Frameworks */,
				200D6D2C222F4EBF004492DC /* Resources */,
			);
			buildRules = (
			);
			dependencies = (
				200D6D30222F4EBF004492DC /* PBXTargetDependency */,
			);
			name = ParstagramUITests;
			productName = ParstagramUITests;
			productReference = 200D6D2E222F4EBF004492DC /* ParstagramUITests.xctest */;
			productType = "com.apple.product-type.bundle.ui-testing";
		};
/* End PBXNativeTarget section */

/* Begin PBXProject section */
		200D6D07222F4EBE004492DC /* Project object */ = {
			isa = PBXProject;
			attributes = {
				LastSwiftUpdateCheck = 1010;
				LastUpgradeCheck = 1010;
				ORGANIZATIONNAME = "Gavin McNatt";
				TargetAttributes = {
					200D6D0E222F4EBE004492DC = {
						CreatedOnToolsVersion = 10.1;
					};
					200D6D22222F4EBF004492DC = {
						CreatedOnToolsVersion = 10.1;
						TestTargetID = 200D6D0E222F4EBE004492DC;
					};
					200D6D2D222F4EBF004492DC = {
						CreatedOnToolsVersion = 10.1;
						TestTargetID = 200D6D0E222F4EBE004492DC;
					};
				};
			};
			buildConfigurationList = 200D6D0A222F4EBE004492DC /* Build configuration list for PBXProject "Parstagram" */;
			compatibilityVersion = "Xcode 9.3";
			developmentRegion = en;
			hasScannedForEncodings = 0;
			knownRegions = (
				en,
				Base,
			);
			mainGroup = 200D6D06222F4EBE004492DC;
			productRefGroup = 200D6D10222F4EBE004492DC /* Products */;
			projectDirPath = "";
			projectRoot = "";
			targets = (
				200D6D0E222F4EBE004492DC /* Parstagram */,
				200D6D22222F4EBF004492DC /* ParstagramTests */,
				200D6D2D222F4EBF004492DC /* ParstagramUITests */,
			);
		};
/* End PBXProject section */

/* Begin PBXResourcesBuildPhase section */
		200D6D0D222F4EBE004492DC /* Resources */ = {
			isa = PBXResourcesBuildPhase;
			buildActionMask = 2147483647;
			files = (
				200D6D1D222F4EBF004492DC /* LaunchScreen.storyboard in Resources */,
				200D6D1A222F4EBF004492DC /* Assets.xcassets in Resources */,
				200D6D18222F4EBE004492DC /* Main.storyboard in Resources */,
			);
			runOnlyForDeploymentPostprocessing = 0;
		};
		200D6D21222F4EBF004492DC /* Resources */ = {
			isa = PBXResourcesBuildPhase;
			buildActionMask = 2147483647;
			files = (
			);
			runOnlyForDeploymentPostprocessing = 0;
		};
		200D6D2C222F4EBF004492DC /* Resources */ = {
			isa = PBXResourcesBuildPhase;
			buildActionMask = 2147483647;
			files = (
			);
			runOnlyForDeploymentPostprocessing = 0;
		};
/* End PBXResourcesBuildPhase section */

/* Begin PBXSourcesBuildPhase section */
		200D6D0B222F4EBE004492DC /* Sources */ = {
			isa = PBXSourcesBuildPhase;
			buildActionMask = 2147483647;
			files = (
				200D6D15222F4EBE004492DC /* ViewController.swift in Sources */,
				200D6D13222F4EBE004492DC /* AppDelegate.swift in Sources */,
			);
			runOnlyForDeploymentPostprocessing = 0;
		};
		200D6D1F222F4EBF004492DC /* Sources */ = {
			isa = PBXSourcesBuildPhase;
			buildActionMask = 2147483647;
			files = (
				200D6D28222F4EBF004492DC /* ParstagramTests.swift in Sources */,
			);
			runOnlyForDeploymentPostprocessing = 0;
		};
		200D6D2A222F4EBF004492DC /* Sources */ = {
			isa = PBXSourcesBuildPhase;
			buildActionMask = 2147483647;
			files = (
				200D6D33222F4EBF004492DC /* ParstagramUITests.swift in Sources */,
			);
			runOnlyForDeploymentPostprocessing = 0;
		};
/* End PBXSourcesBuildPhase section */

/* Begin PBXTargetDependency section */
		200D6D25222F4EBF004492DC /* PBXTargetDependency */ = {
			isa = PBXTargetDependency;
			target = 200D6D0E222F4EBE004492DC /* Parstagram */;
			targetProxy = 200D6D24222F4EBF004492DC /* PBXContainerItemProxy */;
		};
		200D6D30222F4EBF004492DC /* PBXTargetDependency */ = {
			isa = PBXTargetDependency;
			target = 200D6D0E222F4EBE004492DC /* Parstagram */;
			targetProxy = 200D6D2F222F4EBF004492DC /* PBXContainerItemProxy */;
		};
/* End PBXTargetDependency section */

/* Begin PBXVariantGroup section */
		200D6D16222F4EBE004492DC /* Main.storyboard */ = {
			isa = PBXVariantGroup;
			children = (
				200D6D17222F4EBE004492DC /* Base */,
			);
			name = Main.storyboard;
			sourceTree = "<group>";
		};
		200D6D1B222F4EBF004492DC /* LaunchScreen.storyboard */ = {
			isa = PBXVariantGroup;
			children = (
				200D6D1C222F4EBF004492DC /* Base */,
			);
			name = LaunchScreen.storyboard;
			sourceTree = "<group>";
		};
/* End PBXVariantGroup section */

/* Begin XCBuildConfiguration section */
		200D6D35222F4EBF004492DC /* Debug */ = {
			isa = XCBuildConfiguration;
			buildSettings = {
				ALWAYS_SEARCH_USER_PATHS = NO;
				CLANG_ANALYZER_NONNULL = YES;
				CLANG_ANALYZER_NUMBER_OBJECT_CONVERSION = YES_AGGRESSIVE;
				CLANG_CXX_LANGUAGE_STANDARD = "gnu++14";
				CLANG_CXX_LIBRARY = "libc++";
				CLANG_ENABLE_MODULES = YES;
				CLANG_ENABLE_OBJC_ARC = YES;
				CLANG_ENABLE_OBJC_WEAK = YES;
				CLANG_WARN_BLOCK_CAPTURE_AUTORELEASING = YES;
				CLANG_WARN_BOOL_CONVERSION = YES;
				CLANG_WARN_COMMA = YES;
				CLANG_WARN_CONSTANT_CONVERSION = YES;
				CLANG_WARN_DEPRECATED_OBJC_IMPLEMENTATIONS = YES;
				CLANG_WARN_DIRECT_OBJC_ISA_USAGE = YES_ERROR;
				CLANG_WARN_DOCUMENTATION_COMMENTS = YES;
				CLANG_WARN_EMPTY_BODY = YES;
				CLANG_WARN_ENUM_CONVERSION = YES;
				CLANG_WARN_INFINITE_RECURSION = YES;
				CLANG_WARN_INT_CONVERSION = YES;
				CLANG_WARN_NON_LITERAL_NULL_CONVERSION = YES;
				CLANG_WARN_OBJC_IMPLICIT_RETAIN_SELF = YES;
				CLANG_WARN_OBJC_LITERAL_CONVERSION = YES;
				CLANG_WARN_OBJC_ROOT_CLASS = YES_ERROR;
				CLANG_WARN_RANGE_LOOP_ANALYSIS = YES;
				CLANG_WARN_STRICT_PROTOTYPES = YES;
				CLANG_WARN_SUSPICIOUS_MOVE = YES;
				CLANG_WARN_UNGUARDED_AVAILABILITY = YES_AGGRESSIVE;
				CLANG_WARN_UNREACHABLE_CODE = YES;
				CLANG_WARN__DUPLICATE_METHOD_MATCH = YES;
				CODE_SIGN_IDENTITY = "iPhone Developer";
				COPY_PHASE_STRIP = NO;
				DEBUG_INFORMATION_FORMAT = dwarf;
				ENABLE_STRICT_OBJC_MSGSEND = YES;
				ENABLE_TESTABILITY = YES;
				GCC_C_LANGUAGE_STANDARD = gnu11;
				GCC_DYNAMIC_NO_PIC = NO;
				GCC_NO_COMMON_BLOCKS = YES;
				GCC_OPTIMIZATION_LEVEL = 0;
				GCC_PREPROCESSOR_DEFINITIONS = (
					"DEBUG=1",
					"$(inherited)",
				);
				GCC_WARN_64_TO_32_BIT_CONVERSION = YES;
				GCC_WARN_ABOUT_RETURN_TYPE = YES_ERROR;
				GCC_WARN_UNDECLARED_SELECTOR = YES;
				GCC_WARN_UNINITIALIZED_AUTOS = YES_AGGRESSIVE;
				GCC_WARN_UNUSED_FUNCTION = YES;
				GCC_WARN_UNUSED_VARIABLE = YES;
				IPHONEOS_DEPLOYMENT_TARGET = 12.1;
				MTL_ENABLE_DEBUG_INFO = INCLUDE_SOURCE;
				MTL_FAST_MATH = YES;
				ONLY_ACTIVE_ARCH = YES;
				SDKROOT = iphoneos;
				SWIFT_ACTIVE_COMPILATION_CONDITIONS = DEBUG;
				SWIFT_OPTIMIZATION_LEVEL = "-Onone";
			};
			name = Debug;
		};
		200D6D36222F4EBF004492DC /* Release */ = {
			isa = XCBuildConfiguration;
			buildSettings = {
				ALWAYS_SEARCH_USER_PATHS = NO;
				CLANG_ANALYZER_NONNULL = YES;
				CLANG_ANALYZER_NUMBER_OBJECT_CONVERSION = YES_AGGRESSIVE;
				CLANG_CXX_LANGUAGE_STANDARD = "gnu++14";
				CLANG_CXX_LIBRARY = "libc++";
				CLANG_ENABLE_MODULES = YES;
				CLANG_ENABLE_OBJC_ARC = YES;
				CLANG_ENABLE_OBJC_WEAK = YES;
				CLANG_WARN_BLOCK_CAPTURE_AUTORELEASING = YES;
				CLANG_WARN_BOOL_CONVERSION = YES;
				CLANG_WARN_COMMA = YES;
				CLANG_WARN_CONSTANT_CONVERSION = YES;
				CLANG_WARN_DEPRECATED_OBJC_IMPLEMENTATIONS = YES;
				CLANG_WARN_DIRECT_OBJC_ISA_USAGE = YES_ERROR;
				CLANG_WARN_DOCUMENTATION_COMMENTS = YES;
				CLANG_WARN_EMPTY_BODY = YES;
				CLANG_WARN_ENUM_CONVERSION = YES;
				CLANG_WARN_INFINITE_RECURSION = YES;
				CLANG_WARN_INT_CONVERSION = YES;
				CLANG_WARN_NON_LITERAL_NULL_CONVERSION = YES;
				CLANG_WARN_OBJC_IMPLICIT_RETAIN_SELF = YES;
				CLANG_WARN_OBJC_LITERAL_CONVERSION = YES;
				CLANG_WARN_OBJC_ROOT_CLASS = YES_ERROR;
				CLANG_WARN_RANGE_LOOP_ANALYSIS = YES;
				CLANG_WARN_STRICT_PROTOTYPES = YES;
				CLANG_WARN_SUSPICIOUS_MOVE = YES;
				CLANG_WARN_UNGUARDED_AVAILABILITY = YES_AGGRESSIVE;
				CLANG_WARN_UNREACHABLE_CODE = YES;
				CLANG_WARN__DUPLICATE_METHOD_MATCH = YES;
				CODE_SIGN_IDENTITY = "iPhone Developer";
				COPY_PHASE_STRIP = NO;
				DEBUG_INFORMATION_FORMAT = "dwarf-with-dsym";
				ENABLE_NS_ASSERTIONS = NO;
				ENABLE_STRICT_OBJC_MSGSEND = YES;
				GCC_C_LANGUAGE_STANDARD = gnu11;
				GCC_NO_COMMON_BLOCKS = YES;
				GCC_WARN_64_TO_32_BIT_CONVERSION = YES;
				GCC_WARN_ABOUT_RETURN_TYPE = YES_ERROR;
				GCC_WARN_UNDECLARED_SELECTOR = YES;
				GCC_WARN_UNINITIALIZED_AUTOS = YES_AGGRESSIVE;
				GCC_WARN_UNUSED_FUNCTION = YES;
				GCC_WARN_UNUSED_VARIABLE = YES;
				IPHONEOS_DEPLOYMENT_TARGET = 12.1;
				MTL_ENABLE_DEBUG_INFO = NO;
				MTL_FAST_MATH = YES;
				SDKROOT = iphoneos;
				SWIFT_COMPILATION_MODE = wholemodule;
				SWIFT_OPTIMIZATION_LEVEL = "-O";
				VALIDATE_PRODUCT = YES;
			};
			name = Release;
		};
		200D6D38222F4EBF004492DC /* Debug */ = {
			isa = XCBuildConfiguration;
			buildSettings = {
				ASSETCATALOG_COMPILER_APPICON_NAME = AppIcon;
				CODE_SIGN_STYLE = Automatic;
				INFOPLIST_FILE = Parstagram/Info.plist;
				LD_RUNPATH_SEARCH_PATHS = (
					"$(inherited)",
					"@executable_path/Frameworks",
				);
				PRODUCT_BUNDLE_IDENTIFIER = "gmcnatt14-students.desu.edu.Parstagram";
				PRODUCT_NAME = "$(TARGET_NAME)";
				SWIFT_VERSION = 4.2;
				TARGETED_DEVICE_FAMILY = "1,2";
			};
			name = Debug;
		};
		200D6D39222F4EBF004492DC /* Release */ = {
			isa = XCBuildConfiguration;
			buildSettings = {
				ASSETCATALOG_COMPILER_APPICON_NAME = AppIcon;
				CODE_SIGN_STYLE = Automatic;
				INFOPLIST_FILE = Parstagram/Info.plist;
				LD_RUNPATH_SEARCH_PATHS = (
					"$(inherited)",
					"@executable_path/Frameworks",
				);
				PRODUCT_BUNDLE_IDENTIFIER = "gmcnatt14-students.desu.edu.Parstagram";
				PRODUCT_NAME = "$(TARGET_NAME)";
				SWIFT_VERSION = 4.2;
				TARGETED_DEVICE_FAMILY = "1,2";
			};
			name = Release;
		};
		200D6D3B222F4EBF004492DC /* Debug */ = {
			isa = XCBuildConfiguration;
			buildSettings = {
				ALWAYS_EMBED_SWIFT_STANDARD_LIBRARIES = YES;
				BUNDLE_LOADER = "$(TEST_HOST)";
				CODE_SIGN_STYLE = Automatic;
				INFOPLIST_FILE = ParstagramTests/Info.plist;
				LD_RUNPATH_SEARCH_PATHS = (
					"$(inherited)",
					"@executable_path/Frameworks",
					"@loader_path/Frameworks",
				);
				PRODUCT_BUNDLE_IDENTIFIER = "gmcnatt14-students.desu.edu.ParstagramTests";
				PRODUCT_NAME = "$(TARGET_NAME)";
				SWIFT_VERSION = 4.2;
				TARGETED_DEVICE_FAMILY = "1,2";
				TEST_HOST = "$(BUILT_PRODUCTS_DIR)/Parstagram.app/Parstagram";
			};
			name = Debug;
		};
		200D6D3C222F4EBF004492DC /* Release */ = {
			isa = XCBuildConfiguration;
			buildSettings = {
				ALWAYS_EMBED_SWIFT_STANDARD_LIBRARIES = YES;
				BUNDLE_LOADER = "$(TEST_HOST)";
				CODE_SIGN_STYLE = Automatic;
				INFOPLIST_FILE = ParstagramTests/Info.plist;
				LD_RUNPATH_SEARCH_PATHS = (
					"$(inherited)",
					"@executable_path/Frameworks",
					"@loader_path/Frameworks",
				);
				PRODUCT_BUNDLE_IDENTIFIER = "gmcnatt14-students.desu.edu.ParstagramTests";
				PRODUCT_NAME = "$(TARGET_NAME)";
				SWIFT_VERSION = 4.2;
				TARGETED_DEVICE_FAMILY = "1,2";
				TEST_HOST = "$(BUILT_PRODUCTS_DIR)/Parstagram.app/Parstagram";
			};
			name = Release;
		};
		200D6D3E222F4EBF004492DC /* Debug */ = {
			isa = XCBuildConfiguration;
			buildSettings = {
				ALWAYS_EMBED_SWIFT_STANDARD_LIBRARIES = YES;
				CODE_SIGN_STYLE = Automatic;
				INFOPLIST_FILE = ParstagramUITests/Info.plist;
				LD_RUNPATH_SEARCH_PATHS = (
					"$(inherited)",
					"@executable_path/Frameworks",
					"@loader_path/Frameworks",
				);
				PRODUCT_BUNDLE_IDENTIFIER = "gmcnatt14-students.desu.edu.ParstagramUITests";
				PRODUCT_NAME = "$(TARGET_NAME)";
				SWIFT_VERSION = 4.2;
				TARGETED_DEVICE_FAMILY = "1,2";
				TEST_TARGET_NAME = Parstagram;
			};
			name = Debug;
		};
		200D6D3F222F4EBF004492DC /* Release */ = {
			isa = XCBuildConfiguration;
			buildSettings = {
				ALWAYS_EMBED_SWIFT_STANDARD_LIBRARIES = YES;
				CODE_SIGN_STYLE = Automatic;
				INFOPLIST_FILE = ParstagramUITests/Info.plist;
				LD_RUNPATH_SEARCH_PATHS = (
					"$(inherited)",
					"@executable_path/Frameworks",
					"@loader_path/Frameworks",
				);
				PRODUCT_BUNDLE_IDENTIFIER = "gmcnatt14-students.desu.edu.ParstagramUITests";
				PRODUCT_NAME = "$(TARGET_NAME)";
				SWIFT_VERSION = 4.2;
				TARGETED_DEVICE_FAMILY = "1,2";
				TEST_TARGET_NAME = Parstagram;
			};
			name = Release;
		};
/* End XCBuildConfiguration section */

/* Begin XCConfigurationList section */
		200D6D0A222F4EBE004492DC /* Build configuration list for PBXProject "Parstagram" */ = {
			isa = XCConfigurationList;
			buildConfigurations = (
				200D6D35222F4EBF004492DC /* Debug */,
				200D6D36222F4EBF004492DC /* Release */,
			);
			defaultConfigurationIsVisible = 0;
			defaultConfigurationName = Release;
		};
		200D6D37222F4EBF004492DC /* Build configuration list for PBXNativeTarget "Parstagram" */ = {
			isa = XCConfigurationList;
			buildConfigurations = (
				200D6D38222F4EBF004492DC /* Debug */,
				200D6D39222F4EBF004492DC /* Release */,
			);
			defaultConfigurationIsVisible = 0;
			defaultConfigurationName = Release;
		};
		200D6D3A222F4EBF004492DC /* Build configuration list for PBXNativeTarget "ParstagramTests" */ = {
			isa = XCConfigurationList;
			buildConfigurations = (
				200D6D3B222F4EBF004492DC /* Debug */,
				200D6D3C222F4EBF004492DC /* Release */,
			);
			defaultConfigurationIsVisible = 0;
			defaultConfigurationName = Release;
		};
		200D6D3D222F4EBF004492DC /* Build configuration list for PBXNativeTarget "ParstagramUITests" */ = {
			isa = XCConfigurationList;
			buildConfigurations = (
				200D6D3E222F4EBF004492DC /* Debug */,
				200D6D3F222F4EBF004492DC /* Release */,
			);
			defaultConfigurationIsVisible = 0;
			defaultConfigurationName = Release;
		};
/* End XCConfigurationList section */
	};
	rootObject = 200D6D07222F4EBE004492DC /* Project object */;
}
